
Microsoft Visual Studio Solution File, Format Version 12.00
Project("{FAE04EC0-301F-11D3-BF4B-00C04F79EFBC}") = "Yana.Domain", "Yana.Domain\Yana.Domain.csproj", "{4B6731CC-FACB-4BE2-A630-D97446ECF214}"
EndProject
Project("{FAE04EC0-301F-11D3-BF4B-00C04F79EFBC}") = "Yana.Application", "Yana.Application\Yana.Application.csproj", "{AC850028-9DEE-4130-A689-D2A0125AD7D2}"
EndProject
Project("{FAE04EC0-301F-11D3-BF4B-00C04F79EFBC}") = "Yana.Infrastructure", "Yana.Infrastructure\Yana.Infrastructure.csproj", "{AA848E5C-D59E-42B3-9880-240FAE41F973}"
EndProject
Project("{FAE04EC0-301F-11D3-BF4B-00C04F79EFBC}") = "Yana.Persistence", "Yana.Persistence\Yana.Persistence.csproj", "{C9D2B8A9-70B0-4F5F-A996-46F3F136F320}"
EndProject
Project("{2150E333-8FDC-42A3-9474-1A3956D46DE8}") = "Core", "Core", "{6A843954-E16C-40D8-B74F-3DBB041B71C3}"
EndProject
Project("{2150E333-8FDC-42A3-9474-1A3956D46DE8}") = "Infrastructure", "Infrastructure", "{DD6DF6E4-7639-403C-8B3A-7DC0A39CA8F8}"
EndProject
Project("{2150E333-8FDC-42A3-9474-1A3956D46DE8}") = "Presentation", "Presentation", "{D213F5DD-2A7E-49F6-BEA5-624CF545B9E0}"
EndProject
Project("{FAE04EC0-301F-11D3-BF4B-00C04F79EFBC}") = "Yana.Api", "Yana.Api\Yana.Api.csproj", "{3D4FEA3A-843D-4DBF-AC23-7F3C746F817C}"
EndProject
Global
	GlobalSection(SolutionConfigurationPlatforms) = preSolution
		Debug|Any CPU = Debug|Any CPU
		Release|Any CPU = Release|Any CPU
	EndGlobalSection
	GlobalSection(ProjectConfigurationPlatforms) = postSolution
		{4B6731CC-FACB-4BE2-A630-D97446ECF214}.Debug|Any CPU.ActiveCfg = Debug|Any CPU
		{4B6731CC-FACB-4BE2-A630-D97446ECF214}.Debug|Any CPU.Build.0 = Debug|Any CPU
		{4B6731CC-FACB-4BE2-A630-D97446ECF214}.Release|Any CPU.ActiveCfg = Release|Any CPU
		{4B6731CC-FACB-4BE2-A630-D97446ECF214}.Release|Any CPU.Build.0 = Release|Any CPU
		{AC850028-9DEE-4130-A689-D2A0125AD7D2}.Debug|Any CPU.ActiveCfg = Debug|Any CPU
		{AC850028-9DEE-4130-A689-D2A0125AD7D2}.Debug|Any CPU.Build.0 = Debug|Any CPU
		{AC850028-9DEE-4130-A689-D2A0125AD7D2}.Release|Any CPU.ActiveCfg = Release|Any CPU
		{AC850028-9DEE-4130-A689-D2A0125AD7D2}.Release|Any CPU.Build.0 = Release|Any CPU
		{AA848E5C-D59E-42B3-9880-240FAE41F973}.Debug|Any CPU.ActiveCfg = Debug|Any CPU
		{AA848E5C-D59E-42B3-9880-240FAE41F973}.Debug|Any CPU.Build.0 = Debug|Any CPU
		{AA848E5C-D59E-42B3-9880-240FAE41F973}.Release|Any CPU.ActiveCfg = Release|Any CPU
		{AA848E5C-D59E-42B3-9880-240FAE41F973}.Release|Any CPU.Build.0 = Release|Any CPU
		{C9D2B8A9-70B0-4F5F-A996-46F3F136F320}.Debug|Any CPU.ActiveCfg = Debug|Any CPU
		{C9D2B8A9-70B0-4F5F-A996-46F3F136F320}.Debug|Any CPU.Build.0 = Debug|Any CPU
		{C9D2B8A9-70B0-4F5F-A996-46F3F136F320}.Release|Any CPU.ActiveCfg = Release|Any CPU
		{C9D2B8A9-70B0-4F5F-A996-46F3F136F320}.Release|Any CPU.Build.0 = Release|Any CPU
		{3D4FEA3A-843D-4DBF-AC23-7F3C746F817C}.Debug|Any CPU.ActiveCfg = Debug|Any CPU
		{3D4FEA3A-843D-4DBF-AC23-7F3C746F817C}.Debug|Any CPU.Build.0 = Debug|Any CPU
		{3D4FEA3A-843D-4DBF-AC23-7F3C746F817C}.Release|Any CPU.ActiveCfg = Release|Any CPU
		{3D4FEA3A-843D-4DBF-AC23-7F3C746F817C}.Release|Any CPU.Build.0 = Release|Any CPU
	EndGlobalSection
	GlobalSection(NestedProjects) = preSolution
		{4B6731CC-FACB-4BE2-A630-D97446ECF214} = {6A843954-E16C-40D8-B74F-3DBB041B71C3}
		{AC850028-9DEE-4130-A689-D2A0125AD7D2} = {6A843954-E16C-40D8-B74F-3DBB041B71C3}
		{AA848E5C-D59E-42B3-9880-240FAE41F973} = {DD6DF6E4-7639-403C-8B3A-7DC0A39CA8F8}
		{C9D2B8A9-70B0-4F5F-A996-46F3F136F320} = {DD6DF6E4-7639-403C-8B3A-7DC0A39CA8F8}
		{3D4FEA3A-843D-4DBF-AC23-7F3C746F817C} = {D213F5DD-2A7E-49F6-BEA5-624CF545B9E0}
	EndGlobalSection
EndGlobal
